{
  "nodes": {
    "api-lyte-dev": {
      "inputs": {
        "flake-utils": "flake-utils",
        "nixpkgs": "nixpkgs"
      },
      "locked": {
        "lastModified": 1690528331,
        "narHash": "sha256-5FTIFs4QbXJ/wq/Q4y0//111HVTKR1jG0sG/m/KuXjQ=",
        "ref": "refs/heads/master",
        "rev": "0bf3b9073f33a06c7c12f97f7123a2728b996a0d",
        "revCount": 61,
        "type": "git",
        "url": "ssh://gitea@git.lyte.dev/lytedev/api.lyte.dev.git"
      },
      "original": {
        "type": "git",
        "url": "ssh://gitea@git.lyte.dev/lytedev/api.lyte.dev.git"
      }
    },
    "flake-utils": {
      "inputs": {
        "systems": "systems"
      },
      "locked": {
        "lastModified": 1689068808,
        "narHash": "sha256-6ixXo3wt24N/melDWjq70UuHQLxGV8jZvooRanIHXw0=",
        "owner": "numtide",
        "repo": "flake-utils",
        "rev": "919d646de7be200f3bf08cb76ae1f09402b6f9b4",
        "type": "github"
      },
      "original": {
        "owner": "numtide",
        "repo": "flake-utils",
        "type": "github"
      }
    },
    "home-manager": {
      "inputs": {
        "nixpkgs": [
          "nixpkgs"
        ]
      },
      "locked": {
        "lastModified": 1687871164,
        "narHash": "sha256-bBFlPthuYX322xOlpJvkjUBz0C+MOBjZdDOOJJ+G2jU=",
        "owner": "nix-community",
        "repo": "home-manager",
        "rev": "07c347bb50994691d7b0095f45ebd8838cf6bc38",
        "type": "github"
      },
      "original": {
        "owner": "nix-community",
        "ref": "release-23.05",
        "repo": "home-manager",
        "type": "github"
      }
    },
    "nixpkgs": {
      "locked": {
        "lastModified": 1690026219,
        "narHash": "sha256-oOduRk/kzQxOBknZXTLSEYd7tk+GoKvr8wV6Ab+t4AU=",
        "owner": "nixos",
        "repo": "nixpkgs",
        "rev": "f465da166263bc0d4b39dfd4ca28b777c92d4b73",
        "type": "github"
      },
      "original": {
        "owner": "nixos",
        "ref": "nixpkgs-unstable",
        "repo": "nixpkgs",
        "type": "github"
      }
    },
    "nixpkgs-stable": {
      "locked": {
        "lastModified": 1690066826,
        "narHash": "sha256-6L2qb+Zc0BFkh72OS9uuX637gniOjzU6qCDBpjB2LGY=",
        "owner": "NixOS",
        "repo": "nixpkgs",
        "rev": "ce45b591975d070044ca24e3003c830d26fea1c8",
        "type": "github"
      },
      "original": {
        "owner": "NixOS",
        "ref": "release-23.05",
        "repo": "nixpkgs",
        "type": "github"
      }
    },
    "nixpkgs_2": {
      "locked": {
        "lastModified": 1690370995,
        "narHash": "sha256-9z//23jGegLJrf3ITStLwVf715O39dq5u48Kr/XW14U=",
        "owner": "NixOS",
        "repo": "nixpkgs",
        "rev": "f3fbbc36b4e179a5985b9ab12624e9dfe7989341",
        "type": "github"
      },
      "original": {
        "owner": "NixOS",
        "ref": "nixos-23.05",
        "repo": "nixpkgs",
        "type": "github"
      }
    },
    "root": {
      "inputs": {
        "api-lyte-dev": "api-lyte-dev",
        "home-manager": "home-manager",
        "nixpkgs": "nixpkgs_2",
        "sops-nix": "sops-nix"
      }
    },
    "sops-nix": {
      "inputs": {
        "nixpkgs": [
          "nixpkgs"
        ],
        "nixpkgs-stable": "nixpkgs-stable"
      },
      "locked": {
        "lastModified": 1690199016,
        "narHash": "sha256-yTLL72q6aqGmzHq+C3rDp3rIjno7EJZkFLof6Ika7cE=",
        "owner": "Mic92",
        "repo": "sops-nix",
        "rev": "c36df4fe4bf4bb87759b1891cab21e7a05219500",
        "type": "github"
      },
      "original": {
        "owner": "Mic92",
        "repo": "sops-nix",
        "type": "github"
      }
    },
    "systems": {
      "locked": {
        "lastModified": 1681028828,
        "narHash": "sha256-Vy1rq5AaRuLzOxct8nz4T6wlgyUR7zLU309k9mBC768=",
        "owner": "nix-systems",
        "repo": "default",
        "rev": "da67096a3b9bf56a91d16901293e51ba5b49a27e",
        "type": "github"
      },
      "original": {
        "owner": "nix-systems",
        "repo": "default",
        "type": "github"
      }
    }
  },
  "root": "root",
  "version": 7
}
